
Microsoft Visual Studio Solution File, Format Version 12.00
# Visual Studio Version 17
VisualStudioVersion = 17.5.002.0
MinimumVisualStudioVersion = 10.0.40219.1
Project("{2150E333-8FDC-42A3-9474-1A3956D46DE8}") = "btrns_sk_useCase_concert", "btrns_sk_useCase_concert", "{FC1BA3BB-58AF-4455-B996-543369EBA4E3}"
EndProject
Project("{9A19103F-16F7-4668-BE54-9A1E7A4F7556}") = "btrns_sk_useCase_concert", "btrns_sk_useCase_concert\Files\btrns_sk_useCase_concert.csproj", "{BF8C5020-A2BF-4716-AA68-E682B41F0836}"
EndProject
Project("{2150E333-8FDC-42A3-9474-1A3956D46DE8}") = "CalendarBase", "CalendarBase", "{1FBF3B4F-FF2A-4827-A9ED-9BFC3BF62FD0}"
EndProject
Project("{9A19103F-16F7-4668-BE54-9A1E7A4F7556}") = "CalendarBase", "CalendarBase\Files\CalendarBase.csproj", "{A793E0A1-E673-4C0A-AB18-F09C69B68BB6}"
EndProject
Project("{2150E333-8FDC-42A3-9474-1A3956D46DE8}") = "CrtBaseConsts", "CrtBaseConsts", "{D610514F-3EA7-4863-B5BC-3980CD4526D5}"
EndProject
Project("{9A19103F-16F7-4668-BE54-9A1E7A4F7556}") = "CrtBaseConsts", "CrtBaseConsts\Files\CrtBaseConsts.csproj", "{E5DB4671-7837-4A5B-9427-DD4921371498}"
EndProject
Project("{2150E333-8FDC-42A3-9474-1A3956D46DE8}") = "CrtCalendar", "CrtCalendar", "{6F5F6495-ED79-4145-A4BF-52E6E599DB05}"
EndProject
Project("{9A19103F-16F7-4668-BE54-9A1E7A4F7556}") = "CrtCalendar", "CrtCalendar\Files\CrtCalendar.csproj", "{08519268-D398-403E-997A-103EE4D97ED0}"
EndProject
Project("{2150E333-8FDC-42A3-9474-1A3956D46DE8}") = "CrtCall", "CrtCall", "{DDA42505-2775-491A-96D7-F244F452C1D5}"
EndProject
Project("{9A19103F-16F7-4668-BE54-9A1E7A4F7556}") = "CrtCall", "CrtCall\Files\CrtCall.csproj", "{BD22F66F-BE91-491A-A6B1-77D32B2EB27E}"
EndProject
Project("{2150E333-8FDC-42A3-9474-1A3956D46DE8}") = "CrtCopilot", "CrtCopilot", "{7C75C971-A31F-4C8D-8327-94A186B4EE8D}"
EndProject
Project("{9A19103F-16F7-4668-BE54-9A1E7A4F7556}") = "CrtCopilot", "CrtCopilot\Files\CrtCopilot.csproj", "{2D31EA0F-B27A-4D22-8BE4-957C0B342ECF}"
EndProject
Project("{2150E333-8FDC-42A3-9474-1A3956D46DE8}") = "CrtCopilotIntentsStudio", "CrtCopilotIntentsStudio", "{B26B9166-A93D-4116-93CD-F81371721844}"
EndProject
Project("{9A19103F-16F7-4668-BE54-9A1E7A4F7556}") = "CrtCopilotIntentsStudio", "CrtCopilotIntentsStudio\Files\CrtCopilotIntentsStudio.csproj", "{98905AC5-2252-43B8-B6FE-74FD91E56D15}"
EndProject
Project("{2150E333-8FDC-42A3-9474-1A3956D46DE8}") = "CrtCore", "CrtCore", "{A1BFF3A8-6BCF-4726-8B2C-C91E0C95633D}"
EndProject
Project("{9A19103F-16F7-4668-BE54-9A1E7A4F7556}") = "CrtCore", "CrtCore\Files\CrtCore.csproj", "{9B7BC3C3-2797-41C4-B54A-F18CA4E3D458}"
EndProject
Project("{2150E333-8FDC-42A3-9474-1A3956D46DE8}") = "CrtCoreBase", "CrtCoreBase", "{23A31669-2EE4-44E9-BEC3-5704C6E44149}"
EndProject
Project("{9A19103F-16F7-4668-BE54-9A1E7A4F7556}") = "CrtCoreBase", "CrtCoreBase\Files\CrtCoreBase.csproj", "{DEB90E4A-C29A-4C5A-B405-6DA7F0E67AE0}"
EndProject
Project("{2150E333-8FDC-42A3-9474-1A3956D46DE8}") = "CrtEmailSender", "CrtEmailSender", "{84A56106-16C1-408C-847E-221C906E455D}"
EndProject
Project("{9A19103F-16F7-4668-BE54-9A1E7A4F7556}") = "CrtEmailSender", "CrtEmailSender\Files\CrtEmailSender.csproj", "{40422C05-CE36-45D6-A39E-DA15CCEDCA63}"
EndProject
Project("{2150E333-8FDC-42A3-9474-1A3956D46DE8}") = "CrtEmailTemplate", "CrtEmailTemplate", "{3727200D-95CE-49C9-9CA5-34E6D25B3101}"
EndProject
Project("{9A19103F-16F7-4668-BE54-9A1E7A4F7556}") = "CrtEmailTemplate", "CrtEmailTemplate\Files\CrtEmailTemplate.csproj", "{5E0E14B7-0336-4762-A080-7977A8866A64}"
EndProject
Project("{2150E333-8FDC-42A3-9474-1A3956D46DE8}") = "CrtFeatureToggling", "CrtFeatureToggling", "{902A18CA-962D-400A-ACC3-A19D23238B8F}"
EndProject
Project("{9A19103F-16F7-4668-BE54-9A1E7A4F7556}") = "CrtFeatureToggling", "CrtFeatureToggling\Files\CrtFeatureToggling.csproj", "{BB631077-7DD4-4EAE-B27E-2A27D341B985}"
EndProject
Project("{2150E333-8FDC-42A3-9474-1A3956D46DE8}") = "CrtMacrosBase", "CrtMacrosBase", "{81898F00-F10D-4F43-85E7-4DC3F7E078B4}"
EndProject
Project("{9A19103F-16F7-4668-BE54-9A1E7A4F7556}") = "CrtMacrosBase", "CrtMacrosBase\Files\CrtMacrosBase.csproj", "{44816FFB-6A33-402C-AFC8-096105629DCD}"
EndProject
Project("{2150E333-8FDC-42A3-9474-1A3956D46DE8}") = "CrtMessage", "CrtMessage", "{54745997-0486-40E0-9B96-DDB96DD071BC}"
EndProject
Project("{9A19103F-16F7-4668-BE54-9A1E7A4F7556}") = "CrtMessage", "CrtMessage\Files\CrtMessage.csproj", "{4D899759-CA66-457E-A18E-754B49972AF6}"
EndProject
Project("{2150E333-8FDC-42A3-9474-1A3956D46DE8}") = "CrtML", "CrtML", "{BA8232A5-5D4E-4818-A826-920EA56CD29E}"
EndProject
Project("{9A19103F-16F7-4668-BE54-9A1E7A4F7556}") = "CrtML", "CrtML\Files\CrtML.csproj", "{4784A26A-1C11-4657-AF5E-50E816594408}"
EndProject
Project("{2150E333-8FDC-42A3-9474-1A3956D46DE8}") = "CrtMLangContent", "CrtMLangContent", "{1EACB5A0-BF47-4EEE-A3B2-C0BB02FDBF66}"
EndProject
Project("{9A19103F-16F7-4668-BE54-9A1E7A4F7556}") = "CrtMLangContent", "CrtMLangContent\Files\CrtMLangContent.csproj", "{CE91BF4E-CAB7-430D-BED6-CF9F9E8CA93B}"
EndProject
Project("{2150E333-8FDC-42A3-9474-1A3956D46DE8}") = "CrtMobileFreedomUIStylesFor7x", "CrtMobileFreedomUIStylesFor7x", "{3CA5AADF-E083-4524-8CBF-BC9E10F41128}"
EndProject
Project("{9A19103F-16F7-4668-BE54-9A1E7A4F7556}") = "CrtMobileFreedomUIStylesFor7x", "CrtMobileFreedomUIStylesFor7x\Files\CrtMobileFreedomUIStylesFor7x.csproj", "{2FE75B7E-B0FC-4AD9-83D7-0F31717E64EE}"
EndProject
Project("{2150E333-8FDC-42A3-9474-1A3956D46DE8}") = "CrtNextStep", "CrtNextStep", "{A8514AF9-7B12-4A4C-9B5B-2EB6BA13F78D}"
EndProject
Project("{9A19103F-16F7-4668-BE54-9A1E7A4F7556}") = "CrtNextStep", "CrtNextStep\Files\CrtNextStep.csproj", "{E5947B7A-5CC3-4674-ADA5-824D686994FF}"
EndProject
Project("{2150E333-8FDC-42A3-9474-1A3956D46DE8}") = "CrtOmnichannelApp", "CrtOmnichannelApp", "{4E36A4AA-F447-4E9D-9C6C-BCAF0C88F427}"
EndProject
Project("{9A19103F-16F7-4668-BE54-9A1E7A4F7556}") = "CrtOmnichannelApp", "CrtOmnichannelApp\Files\CrtOmnichannelApp.csproj", "{67DDBF0B-2F31-4794-9A9D-61AC7A38308C}"
EndProject
Project("{2150E333-8FDC-42A3-9474-1A3956D46DE8}") = "CrtProductivityApp", "CrtProductivityApp", "{932C993E-430E-4405-ABC2-CB414510DF73}"
EndProject
Project("{9A19103F-16F7-4668-BE54-9A1E7A4F7556}") = "CrtProductivityApp", "CrtProductivityApp\Files\CrtProductivityApp.csproj", "{F3DCC759-6259-4B10-96C3-85C5D37B6168}"
EndProject
Project("{2150E333-8FDC-42A3-9474-1A3956D46DE8}") = "CrtProductivityCopilot", "CrtProductivityCopilot", "{A62CDC27-0BAA-4AF8-B189-428F2597780D}"
EndProject
Project("{9A19103F-16F7-4668-BE54-9A1E7A4F7556}") = "CrtProductivityCopilot", "CrtProductivityCopilot\Files\CrtProductivityCopilot.csproj", "{494F3239-752D-4BF8-A62B-FE53ED18B288}"
EndProject
Project("{2150E333-8FDC-42A3-9474-1A3956D46DE8}") = "CrtProductivityMobile", "CrtProductivityMobile", "{33138949-1CF3-40CB-BF90-F77036760259}"
EndProject
Project("{9A19103F-16F7-4668-BE54-9A1E7A4F7556}") = "CrtProductivityMobile", "CrtProductivityMobile\Files\CrtProductivityMobile.csproj", "{CC4BB702-0D82-4B65-9C67-1634533B16C5}"
EndProject
Project("{2150E333-8FDC-42A3-9474-1A3956D46DE8}") = "CrtSecurity", "CrtSecurity", "{9AEBBACE-2305-48E8-B61E-DC355FA064B9}"
EndProject
Project("{9A19103F-16F7-4668-BE54-9A1E7A4F7556}") = "CrtSecurity", "CrtSecurity\Files\CrtSecurity.csproj", "{C3D17554-94A5-41BB-B1ED-D1440BD1028F}"
EndProject
Project("{2150E333-8FDC-42A3-9474-1A3956D46DE8}") = "CrtSecurity7x", "CrtSecurity7x", "{560C4B1B-E094-49AF-B52D-E453F67403DE}"
EndProject
Project("{9A19103F-16F7-4668-BE54-9A1E7A4F7556}") = "CrtSecurity7x", "CrtSecurity7x\Files\CrtSecurity7x.csproj", "{2331E9AA-9511-4871-844B-47F9347B8BF0}"
EndProject
Project("{2150E333-8FDC-42A3-9474-1A3956D46DE8}") = "CrtSmsIntegration", "CrtSmsIntegration", "{CF575B7C-896C-4872-B3AC-9F7A988FDC47}"
EndProject
Project("{9A19103F-16F7-4668-BE54-9A1E7A4F7556}") = "CrtSmsIntegration", "CrtSmsIntegration\Files\CrtSmsIntegration.csproj", "{C5205C89-37CF-43AA-86A6-DC7EDB2B775E}"
EndProject
Project("{2150E333-8FDC-42A3-9474-1A3956D46DE8}") = "CrtSpecification", "CrtSpecification", "{EA361C3B-87CC-4271-9D99-3C513F1AA43D}"
EndProject
Project("{9A19103F-16F7-4668-BE54-9A1E7A4F7556}") = "CrtSpecification", "CrtSpecification\Files\CrtSpecification.csproj", "{5AE99265-6DA4-4E97-ACFE-0F025412B6A4}"
EndProject
Project("{2150E333-8FDC-42A3-9474-1A3956D46DE8}") = "CrtStudioCopilot", "CrtStudioCopilot", "{EAF034C0-C6FD-4A53-99B7-0D7C0A6B2760}"
EndProject
Project("{9A19103F-16F7-4668-BE54-9A1E7A4F7556}") = "CrtStudioCopilot", "CrtStudioCopilot\Files\CrtStudioCopilot.csproj", "{F8AEA5EA-A5E7-42F2-84DD-1C786EEE5FDD}"
EndProject
Project("{2150E333-8FDC-42A3-9474-1A3956D46DE8}") = "CrtTechnicalUsers", "CrtTechnicalUsers", "{BD6CCD1F-1EB9-49A3-B13B-15D56F1BFB20}"
EndProject
Project("{9A19103F-16F7-4668-BE54-9A1E7A4F7556}") = "CrtTechnicalUsers", "CrtTechnicalUsers\Files\CrtTechnicalUsers.csproj", "{52B8287D-4B2B-4802-A18A-8A787F855C34}"
EndProject
Project("{2150E333-8FDC-42A3-9474-1A3956D46DE8}") = "CrtTouchPointBase", "CrtTouchPointBase", "{2202429C-D9FC-480D-B3C8-4F4553702FC8}"
EndProject
Project("{9A19103F-16F7-4668-BE54-9A1E7A4F7556}") = "CrtTouchPointBase", "CrtTouchPointBase\Files\CrtTouchPointBase.csproj", "{07AF3598-D8F5-4D88-9E54-EAEF31CC4E0F}"
EndProject
Project("{2150E333-8FDC-42A3-9474-1A3956D46DE8}") = "CrtUIPlatform", "CrtUIPlatform", "{4C19877A-1165-4499-8440-6DF0DFF017F7}"
EndProject
Project("{9A19103F-16F7-4668-BE54-9A1E7A4F7556}") = "CrtUIPlatform", "CrtUIPlatform\Files\CrtUIPlatform.csproj", "{63D23F59-8551-489A-8039-509F59543ED0}"
EndProject
Project("{2150E333-8FDC-42A3-9474-1A3956D46DE8}") = "CrtUIPlatform7x", "CrtUIPlatform7x", "{62A3364E-6580-4872-8536-11D9EE007A1F}"
EndProject
Project("{9A19103F-16F7-4668-BE54-9A1E7A4F7556}") = "CrtUIPlatform7x", "CrtUIPlatform7x\Files\CrtUIPlatform7x.csproj", "{A3D086C4-C170-47F0-B25D-496F3873BB4A}"
EndProject
Project("{2150E333-8FDC-42A3-9474-1A3956D46DE8}") = "CrtUISwitcher", "CrtUISwitcher", "{DB4F4B86-4831-4F6D-813F-AECAA4C714ED}"
EndProject
Project("{9A19103F-16F7-4668-BE54-9A1E7A4F7556}") = "CrtUISwitcher", "CrtUISwitcher\Files\CrtUISwitcher.csproj", "{6738967D-E5B4-419E-B21A-E14A7077C2ED}"
EndProject
Project("{2150E333-8FDC-42A3-9474-1A3956D46DE8}") = "CrtWebFormBase", "CrtWebFormBase", "{7535FA74-3688-4DBA-A0FD-144883798CD0}"
EndProject
Project("{9A19103F-16F7-4668-BE54-9A1E7A4F7556}") = "CrtWebFormBase", "CrtWebFormBase\Files\CrtWebFormBase.csproj", "{24933A87-EA89-42A9-BFE5-B509EE067BAF}"
EndProject
Project("{2150E333-8FDC-42A3-9474-1A3956D46DE8}") = "CrtWebhookServiceBase", "CrtWebhookServiceBase", "{AC0D83A3-5B52-48CA-9670-FF34A98053E6}"
EndProject
Project("{9A19103F-16F7-4668-BE54-9A1E7A4F7556}") = "CrtWebhookServiceBase", "CrtWebhookServiceBase\Files\CrtWebhookServiceBase.csproj", "{38D5C540-D2D4-4869-8CC7-3DE8A340B447}"
EndProject
Project("{2150E333-8FDC-42A3-9474-1A3956D46DE8}") = "CSP", "CSP", "{346BA867-F9CB-422C-B87C-C179CB9FBFC9}"
EndProject
Project("{9A19103F-16F7-4668-BE54-9A1E7A4F7556}") = "CSP", "CSP\Files\CSP.csproj", "{E8F979AC-01F4-4FA5-B31A-9ED3C381CE3E}"
EndProject
Project("{2150E333-8FDC-42A3-9474-1A3956D46DE8}") = "DEVClassic", "DEVClassic", "{6FB3EF74-478A-4D39-9811-BBD48F7C7649}"
EndProject
Project("{9A19103F-16F7-4668-BE54-9A1E7A4F7556}") = "DEVClassic", "DEVClassic\Files\DEVClassic.csproj", "{8BA42779-0518-4AE0-8ECB-C9DF45BAF58F}"
EndProject
Project("{2150E333-8FDC-42A3-9474-1A3956D46DE8}") = "FeatureToggling", "FeatureToggling", "{CBD021A5-9B96-40D3-8B99-B811577FD2DA}"
EndProject
Project("{9A19103F-16F7-4668-BE54-9A1E7A4F7556}") = "FeatureToggling", "FeatureToggling\Files\FeatureToggling.csproj", "{48C8C0EA-4D3F-43AE-8705-80E52CB3DC3E}"
EndProject
Project("{2150E333-8FDC-42A3-9474-1A3956D46DE8}") = "Finesse", "Finesse", "{CBBF3B9F-D68D-4853-B01A-2840D292EAB7}"
EndProject
Project("{9A19103F-16F7-4668-BE54-9A1E7A4F7556}") = "Finesse", "Finesse\Files\Finesse.csproj", "{21C559A1-403F-4FFF-8E3E-A6B50CA0DF4D}"
EndProject
Project("{2150E333-8FDC-42A3-9474-1A3956D46DE8}") = "MLProcessDesigner", "MLProcessDesigner", "{8A868F47-60AB-4D48-9631-625D6BA4A0CA}"
EndProject
Project("{9A19103F-16F7-4668-BE54-9A1E7A4F7556}") = "MLProcessDesigner", "MLProcessDesigner\Files\MLProcessDesigner.csproj", "{CD029E9B-612F-49B3-ADD1-A5271E3A9233}"
EndProject
Project("{2150E333-8FDC-42A3-9474-1A3956D46DE8}") = "OpenIdAuth", "OpenIdAuth", "{1B1C8B74-A8A0-486B-A254-3EE267BDEBF3}"
EndProject
Project("{9A19103F-16F7-4668-BE54-9A1E7A4F7556}") = "OpenIdAuth", "OpenIdAuth\Files\OpenIdAuth.csproj", "{490B7631-D3F2-4FEB-9740-CEDA7E5BA22B}"
EndProject
Project("{2150E333-8FDC-42A3-9474-1A3956D46DE8}") = "SsoSettings", "SsoSettings", "{DF00EBC0-D951-467A-AB0A-23D6E5BFFF27}"
EndProject
Project("{9A19103F-16F7-4668-BE54-9A1E7A4F7556}") = "SsoSettings", "SsoSettings\Files\SsoSettings.csproj", "{865C1970-00B6-431A-ACA0-F40AAECA02B1}"
EndProject
Project("{2150E333-8FDC-42A3-9474-1A3956D46DE8}") = "XSSProtection", "XSSProtection", "{48BED69F-E0F3-4042-8ADD-F25D078C4C2D}"
EndProject
Project("{9A19103F-16F7-4668-BE54-9A1E7A4F7556}") = "XSSProtection", "XSSProtection\Files\XSSProtection.csproj", "{D3BCA98C-DA2E-4266-B1FC-35BC8EA40D59}"
EndProject
Global
	GlobalSection(SolutionConfigurationPlatforms) = preSolution
		Debug|Any CPU = Debug|Any CPU
		Release|Any CPU = Release|Any CPU
	EndGlobalSection
	GlobalSection(ProjectConfigurationPlatforms) = postSolution
		{BF8C5020-A2BF-4716-AA68-E682B41F0836}.Debug|Any CPU.ActiveCfg = Debug|Any CPU
		{BF8C5020-A2BF-4716-AA68-E682B41F0836}.Debug|Any CPU.Build.0 = Debug|Any CPU
		{BF8C5020-A2BF-4716-AA68-E682B41F0836}.Release|Any CPU.ActiveCfg = Release|Any CPU
		{BF8C5020-A2BF-4716-AA68-E682B41F0836}.Release|Any CPU.Build.0 = Release|Any CPU
		{A793E0A1-E673-4C0A-AB18-F09C69B68BB6}.Debug|Any CPU.ActiveCfg = Debug|Any CPU
		{A793E0A1-E673-4C0A-AB18-F09C69B68BB6}.Debug|Any CPU.Build.0 = Debug|Any CPU
		{A793E0A1-E673-4C0A-AB18-F09C69B68BB6}.Release|Any CPU.ActiveCfg = Release|Any CPU
		{A793E0A1-E673-4C0A-AB18-F09C69B68BB6}.Release|Any CPU.Build.0 = Release|Any CPU
		{E5DB4671-7837-4A5B-9427-DD4921371498}.Debug|Any CPU.ActiveCfg = Debug|Any CPU
		{E5DB4671-7837-4A5B-9427-DD4921371498}.Debug|Any CPU.Build.0 = Debug|Any CPU
		{E5DB4671-7837-4A5B-9427-DD4921371498}.Release|Any CPU.ActiveCfg = Release|Any CPU
		{E5DB4671-7837-4A5B-9427-DD4921371498}.Release|Any CPU.Build.0 = Release|Any CPU
		{08519268-D398-403E-997A-103EE4D97ED0}.Debug|Any CPU.ActiveCfg = Debug|Any CPU
		{08519268-D398-403E-997A-103EE4D97ED0}.Debug|Any CPU.Build.0 = Debug|Any CPU
		{08519268-D398-403E-997A-103EE4D97ED0}.Release|Any CPU.ActiveCfg = Release|Any CPU
		{08519268-D398-403E-997A-103EE4D97ED0}.Release|Any CPU.Build.0 = Release|Any CPU
		{BD22F66F-BE91-491A-A6B1-77D32B2EB27E}.Debug|Any CPU.ActiveCfg = Debug|Any CPU
		{BD22F66F-BE91-491A-A6B1-77D32B2EB27E}.Debug|Any CPU.Build.0 = Debug|Any CPU
		{BD22F66F-BE91-491A-A6B1-77D32B2EB27E}.Release|Any CPU.ActiveCfg = Release|Any CPU
		{BD22F66F-BE91-491A-A6B1-77D32B2EB27E}.Release|Any CPU.Build.0 = Release|Any CPU
		{2D31EA0F-B27A-4D22-8BE4-957C0B342ECF}.Debug|Any CPU.ActiveCfg = Debug|Any CPU
		{2D31EA0F-B27A-4D22-8BE4-957C0B342ECF}.Debug|Any CPU.Build.0 = Debug|Any CPU
		{2D31EA0F-B27A-4D22-8BE4-957C0B342ECF}.Release|Any CPU.ActiveCfg = Release|Any CPU
		{2D31EA0F-B27A-4D22-8BE4-957C0B342ECF}.Release|Any CPU.Build.0 = Release|Any CPU
		{98905AC5-2252-43B8-B6FE-74FD91E56D15}.Debug|Any CPU.ActiveCfg = Debug|Any CPU
		{98905AC5-2252-43B8-B6FE-74FD91E56D15}.Debug|Any CPU.Build.0 = Debug|Any CPU
		{98905AC5-2252-43B8-B6FE-74FD91E56D15}.Release|Any CPU.ActiveCfg = Release|Any CPU
		{98905AC5-2252-43B8-B6FE-74FD91E56D15}.Release|Any CPU.Build.0 = Release|Any CPU
		{9B7BC3C3-2797-41C4-B54A-F18CA4E3D458}.Debug|Any CPU.ActiveCfg = Debug|Any CPU
		{9B7BC3C3-2797-41C4-B54A-F18CA4E3D458}.Debug|Any CPU.Build.0 = Debug|Any CPU
		{9B7BC3C3-2797-41C4-B54A-F18CA4E3D458}.Release|Any CPU.ActiveCfg = Release|Any CPU
		{9B7BC3C3-2797-41C4-B54A-F18CA4E3D458}.Release|Any CPU.Build.0 = Release|Any CPU
		{DEB90E4A-C29A-4C5A-B405-6DA7F0E67AE0}.Debug|Any CPU.ActiveCfg = Debug|Any CPU
		{DEB90E4A-C29A-4C5A-B405-6DA7F0E67AE0}.Debug|Any CPU.Build.0 = Debug|Any CPU
		{DEB90E4A-C29A-4C5A-B405-6DA7F0E67AE0}.Release|Any CPU.ActiveCfg = Release|Any CPU
		{DEB90E4A-C29A-4C5A-B405-6DA7F0E67AE0}.Release|Any CPU.Build.0 = Release|Any CPU
		{40422C05-CE36-45D6-A39E-DA15CCEDCA63}.Debug|Any CPU.ActiveCfg = Debug|Any CPU
		{40422C05-CE36-45D6-A39E-DA15CCEDCA63}.Debug|Any CPU.Build.0 = Debug|Any CPU
		{40422C05-CE36-45D6-A39E-DA15CCEDCA63}.Release|Any CPU.ActiveCfg = Release|Any CPU
		{40422C05-CE36-45D6-A39E-DA15CCEDCA63}.Release|Any CPU.Build.0 = Release|Any CPU
		{5E0E14B7-0336-4762-A080-7977A8866A64}.Debug|Any CPU.ActiveCfg = Debug|Any CPU
		{5E0E14B7-0336-4762-A080-7977A8866A64}.Debug|Any CPU.Build.0 = Debug|Any CPU
		{5E0E14B7-0336-4762-A080-7977A8866A64}.Release|Any CPU.ActiveCfg = Release|Any CPU
		{5E0E14B7-0336-4762-A080-7977A8866A64}.Release|Any CPU.Build.0 = Release|Any CPU
		{BB631077-7DD4-4EAE-B27E-2A27D341B985}.Debug|Any CPU.ActiveCfg = Debug|Any CPU
		{BB631077-7DD4-4EAE-B27E-2A27D341B985}.Debug|Any CPU.Build.0 = Debug|Any CPU
		{BB631077-7DD4-4EAE-B27E-2A27D341B985}.Release|Any CPU.ActiveCfg = Release|Any CPU
		{BB631077-7DD4-4EAE-B27E-2A27D341B985}.Release|Any CPU.Build.0 = Release|Any CPU
		{44816FFB-6A33-402C-AFC8-096105629DCD}.Debug|Any CPU.ActiveCfg = Debug|Any CPU
		{44816FFB-6A33-402C-AFC8-096105629DCD}.Debug|Any CPU.Build.0 = Debug|Any CPU
		{44816FFB-6A33-402C-AFC8-096105629DCD}.Release|Any CPU.ActiveCfg = Release|Any CPU
		{44816FFB-6A33-402C-AFC8-096105629DCD}.Release|Any CPU.Build.0 = Release|Any CPU
		{4D899759-CA66-457E-A18E-754B49972AF6}.Debug|Any CPU.ActiveCfg = Debug|Any CPU
		{4D899759-CA66-457E-A18E-754B49972AF6}.Debug|Any CPU.Build.0 = Debug|Any CPU
		{4D899759-CA66-457E-A18E-754B49972AF6}.Release|Any CPU.ActiveCfg = Release|Any CPU
		{4D899759-CA66-457E-A18E-754B49972AF6}.Release|Any CPU.Build.0 = Release|Any CPU
		{4784A26A-1C11-4657-AF5E-50E816594408}.Debug|Any CPU.ActiveCfg = Debug|Any CPU
		{4784A26A-1C11-4657-AF5E-50E816594408}.Debug|Any CPU.Build.0 = Debug|Any CPU
		{4784A26A-1C11-4657-AF5E-50E816594408}.Release|Any CPU.ActiveCfg = Release|Any CPU
		{4784A26A-1C11-4657-AF5E-50E816594408}.Release|Any CPU.Build.0 = Release|Any CPU
		{CE91BF4E-CAB7-430D-BED6-CF9F9E8CA93B}.Debug|Any CPU.ActiveCfg = Debug|Any CPU
		{CE91BF4E-CAB7-430D-BED6-CF9F9E8CA93B}.Debug|Any CPU.Build.0 = Debug|Any CPU
		{CE91BF4E-CAB7-430D-BED6-CF9F9E8CA93B}.Release|Any CPU.ActiveCfg = Release|Any CPU
		{CE91BF4E-CAB7-430D-BED6-CF9F9E8CA93B}.Release|Any CPU.Build.0 = Release|Any CPU
		{2FE75B7E-B0FC-4AD9-83D7-0F31717E64EE}.Debug|Any CPU.ActiveCfg = Debug|Any CPU
		{2FE75B7E-B0FC-4AD9-83D7-0F31717E64EE}.Debug|Any CPU.Build.0 = Debug|Any CPU
		{2FE75B7E-B0FC-4AD9-83D7-0F31717E64EE}.Release|Any CPU.ActiveCfg = Release|Any CPU
		{2FE75B7E-B0FC-4AD9-83D7-0F31717E64EE}.Release|Any CPU.Build.0 = Release|Any CPU
		{E5947B7A-5CC3-4674-ADA5-824D686994FF}.Debug|Any CPU.ActiveCfg = Debug|Any CPU
		{E5947B7A-5CC3-4674-ADA5-824D686994FF}.Debug|Any CPU.Build.0 = Debug|Any CPU
		{E5947B7A-5CC3-4674-ADA5-824D686994FF}.Release|Any CPU.ActiveCfg = Release|Any CPU
		{E5947B7A-5CC3-4674-ADA5-824D686994FF}.Release|Any CPU.Build.0 = Release|Any CPU
		{67DDBF0B-2F31-4794-9A9D-61AC7A38308C}.Debug|Any CPU.ActiveCfg = Debug|Any CPU
		{67DDBF0B-2F31-4794-9A9D-61AC7A38308C}.Debug|Any CPU.Build.0 = Debug|Any CPU
		{67DDBF0B-2F31-4794-9A9D-61AC7A38308C}.Release|Any CPU.ActiveCfg = Release|Any CPU
		{67DDBF0B-2F31-4794-9A9D-61AC7A38308C}.Release|Any CPU.Build.0 = Release|Any CPU
		{F3DCC759-6259-4B10-96C3-85C5D37B6168}.Debug|Any CPU.ActiveCfg = Debug|Any CPU
		{F3DCC759-6259-4B10-96C3-85C5D37B6168}.Debug|Any CPU.Build.0 = Debug|Any CPU
		{F3DCC759-6259-4B10-96C3-85C5D37B6168}.Release|Any CPU.ActiveCfg = Release|Any CPU
		{F3DCC759-6259-4B10-96C3-85C5D37B6168}.Release|Any CPU.Build.0 = Release|Any CPU
		{494F3239-752D-4BF8-A62B-FE53ED18B288}.Debug|Any CPU.ActiveCfg = Debug|Any CPU
		{494F3239-752D-4BF8-A62B-FE53ED18B288}.Debug|Any CPU.Build.0 = Debug|Any CPU
		{494F3239-752D-4BF8-A62B-FE53ED18B288}.Release|Any CPU.ActiveCfg = Release|Any CPU
		{494F3239-752D-4BF8-A62B-FE53ED18B288}.Release|Any CPU.Build.0 = Release|Any CPU
		{CC4BB702-0D82-4B65-9C67-1634533B16C5}.Debug|Any CPU.ActiveCfg = Debug|Any CPU
		{CC4BB702-0D82-4B65-9C67-1634533B16C5}.Debug|Any CPU.Build.0 = Debug|Any CPU
		{CC4BB702-0D82-4B65-9C67-1634533B16C5}.Release|Any CPU.ActiveCfg = Release|Any CPU
		{CC4BB702-0D82-4B65-9C67-1634533B16C5}.Release|Any CPU.Build.0 = Release|Any CPU
		{C3D17554-94A5-41BB-B1ED-D1440BD1028F}.Debug|Any CPU.ActiveCfg = Debug|Any CPU
		{C3D17554-94A5-41BB-B1ED-D1440BD1028F}.Debug|Any CPU.Build.0 = Debug|Any CPU
		{C3D17554-94A5-41BB-B1ED-D1440BD1028F}.Release|Any CPU.ActiveCfg = Release|Any CPU
		{C3D17554-94A5-41BB-B1ED-D1440BD1028F}.Release|Any CPU.Build.0 = Release|Any CPU
		{2331E9AA-9511-4871-844B-47F9347B8BF0}.Debug|Any CPU.ActiveCfg = Debug|Any CPU
		{2331E9AA-9511-4871-844B-47F9347B8BF0}.Debug|Any CPU.Build.0 = Debug|Any CPU
		{2331E9AA-9511-4871-844B-47F9347B8BF0}.Release|Any CPU.ActiveCfg = Release|Any CPU
		{2331E9AA-9511-4871-844B-47F9347B8BF0}.Release|Any CPU.Build.0 = Release|Any CPU
		{C5205C89-37CF-43AA-86A6-DC7EDB2B775E}.Debug|Any CPU.ActiveCfg = Debug|Any CPU
		{C5205C89-37CF-43AA-86A6-DC7EDB2B775E}.Debug|Any CPU.Build.0 = Debug|Any CPU
		{C5205C89-37CF-43AA-86A6-DC7EDB2B775E}.Release|Any CPU.ActiveCfg = Release|Any CPU
		{C5205C89-37CF-43AA-86A6-DC7EDB2B775E}.Release|Any CPU.Build.0 = Release|Any CPU
		{5AE99265-6DA4-4E97-ACFE-0F025412B6A4}.Debug|Any CPU.ActiveCfg = Debug|Any CPU
		{5AE99265-6DA4-4E97-ACFE-0F025412B6A4}.Debug|Any CPU.Build.0 = Debug|Any CPU
		{5AE99265-6DA4-4E97-ACFE-0F025412B6A4}.Release|Any CPU.ActiveCfg = Release|Any CPU
		{5AE99265-6DA4-4E97-ACFE-0F025412B6A4}.Release|Any CPU.Build.0 = Release|Any CPU
		{F8AEA5EA-A5E7-42F2-84DD-1C786EEE5FDD}.Debug|Any CPU.ActiveCfg = Debug|Any CPU
		{F8AEA5EA-A5E7-42F2-84DD-1C786EEE5FDD}.Debug|Any CPU.Build.0 = Debug|Any CPU
		{F8AEA5EA-A5E7-42F2-84DD-1C786EEE5FDD}.Release|Any CPU.ActiveCfg = Release|Any CPU
		{F8AEA5EA-A5E7-42F2-84DD-1C786EEE5FDD}.Release|Any CPU.Build.0 = Release|Any CPU
		{52B8287D-4B2B-4802-A18A-8A787F855C34}.Debug|Any CPU.ActiveCfg = Debug|Any CPU
		{52B8287D-4B2B-4802-A18A-8A787F855C34}.Debug|Any CPU.Build.0 = Debug|Any CPU
		{52B8287D-4B2B-4802-A18A-8A787F855C34}.Release|Any CPU.ActiveCfg = Release|Any CPU
		{52B8287D-4B2B-4802-A18A-8A787F855C34}.Release|Any CPU.Build.0 = Release|Any CPU
		{07AF3598-D8F5-4D88-9E54-EAEF31CC4E0F}.Debug|Any CPU.ActiveCfg = Debug|Any CPU
		{07AF3598-D8F5-4D88-9E54-EAEF31CC4E0F}.Debug|Any CPU.Build.0 = Debug|Any CPU
		{07AF3598-D8F5-4D88-9E54-EAEF31CC4E0F}.Release|Any CPU.ActiveCfg = Release|Any CPU
		{07AF3598-D8F5-4D88-9E54-EAEF31CC4E0F}.Release|Any CPU.Build.0 = Release|Any CPU
		{63D23F59-8551-489A-8039-509F59543ED0}.Debug|Any CPU.ActiveCfg = Debug|Any CPU
		{63D23F59-8551-489A-8039-509F59543ED0}.Debug|Any CPU.Build.0 = Debug|Any CPU
		{63D23F59-8551-489A-8039-509F59543ED0}.Release|Any CPU.ActiveCfg = Release|Any CPU
		{63D23F59-8551-489A-8039-509F59543ED0}.Release|Any CPU.Build.0 = Release|Any CPU
		{A3D086C4-C170-47F0-B25D-496F3873BB4A}.Debug|Any CPU.ActiveCfg = Debug|Any CPU
		{A3D086C4-C170-47F0-B25D-496F3873BB4A}.Debug|Any CPU.Build.0 = Debug|Any CPU
		{A3D086C4-C170-47F0-B25D-496F3873BB4A}.Release|Any CPU.ActiveCfg = Release|Any CPU
		{A3D086C4-C170-47F0-B25D-496F3873BB4A}.Release|Any CPU.Build.0 = Release|Any CPU
		{6738967D-E5B4-419E-B21A-E14A7077C2ED}.Debug|Any CPU.ActiveCfg = Debug|Any CPU
		{6738967D-E5B4-419E-B21A-E14A7077C2ED}.Debug|Any CPU.Build.0 = Debug|Any CPU
		{6738967D-E5B4-419E-B21A-E14A7077C2ED}.Release|Any CPU.ActiveCfg = Release|Any CPU
		{6738967D-E5B4-419E-B21A-E14A7077C2ED}.Release|Any CPU.Build.0 = Release|Any CPU
		{24933A87-EA89-42A9-BFE5-B509EE067BAF}.Debug|Any CPU.ActiveCfg = Debug|Any CPU
		{24933A87-EA89-42A9-BFE5-B509EE067BAF}.Debug|Any CPU.Build.0 = Debug|Any CPU
		{24933A87-EA89-42A9-BFE5-B509EE067BAF}.Release|Any CPU.ActiveCfg = Release|Any CPU
		{24933A87-EA89-42A9-BFE5-B509EE067BAF}.Release|Any CPU.Build.0 = Release|Any CPU
		{38D5C540-D2D4-4869-8CC7-3DE8A340B447}.Debug|Any CPU.ActiveCfg = Debug|Any CPU
		{38D5C540-D2D4-4869-8CC7-3DE8A340B447}.Debug|Any CPU.Build.0 = Debug|Any CPU
		{38D5C540-D2D4-4869-8CC7-3DE8A340B447}.Release|Any CPU.ActiveCfg = Release|Any CPU
		{38D5C540-D2D4-4869-8CC7-3DE8A340B447}.Release|Any CPU.Build.0 = Release|Any CPU
		{E8F979AC-01F4-4FA5-B31A-9ED3C381CE3E}.Debug|Any CPU.ActiveCfg = Debug|Any CPU
		{E8F979AC-01F4-4FA5-B31A-9ED3C381CE3E}.Debug|Any CPU.Build.0 = Debug|Any CPU
		{E8F979AC-01F4-4FA5-B31A-9ED3C381CE3E}.Release|Any CPU.ActiveCfg = Release|Any CPU
		{E8F979AC-01F4-4FA5-B31A-9ED3C381CE3E}.Release|Any CPU.Build.0 = Release|Any CPU
		{8BA42779-0518-4AE0-8ECB-C9DF45BAF58F}.Debug|Any CPU.ActiveCfg = Debug|Any CPU
		{8BA42779-0518-4AE0-8ECB-C9DF45BAF58F}.Debug|Any CPU.Build.0 = Debug|Any CPU
		{8BA42779-0518-4AE0-8ECB-C9DF45BAF58F}.Release|Any CPU.ActiveCfg = Release|Any CPU
		{8BA42779-0518-4AE0-8ECB-C9DF45BAF58F}.Release|Any CPU.Build.0 = Release|Any CPU
		{48C8C0EA-4D3F-43AE-8705-80E52CB3DC3E}.Debug|Any CPU.ActiveCfg = Debug|Any CPU
		{48C8C0EA-4D3F-43AE-8705-80E52CB3DC3E}.Debug|Any CPU.Build.0 = Debug|Any CPU
		{48C8C0EA-4D3F-43AE-8705-80E52CB3DC3E}.Release|Any CPU.ActiveCfg = Release|Any CPU
		{48C8C0EA-4D3F-43AE-8705-80E52CB3DC3E}.Release|Any CPU.Build.0 = Release|Any CPU
		{21C559A1-403F-4FFF-8E3E-A6B50CA0DF4D}.Debug|Any CPU.ActiveCfg = Debug|Any CPU
		{21C559A1-403F-4FFF-8E3E-A6B50CA0DF4D}.Debug|Any CPU.Build.0 = Debug|Any CPU
		{21C559A1-403F-4FFF-8E3E-A6B50CA0DF4D}.Release|Any CPU.ActiveCfg = Release|Any CPU
		{21C559A1-403F-4FFF-8E3E-A6B50CA0DF4D}.Release|Any CPU.Build.0 = Release|Any CPU
		{CD029E9B-612F-49B3-ADD1-A5271E3A9233}.Debug|Any CPU.ActiveCfg = Debug|Any CPU
		{CD029E9B-612F-49B3-ADD1-A5271E3A9233}.Debug|Any CPU.Build.0 = Debug|Any CPU
		{CD029E9B-612F-49B3-ADD1-A5271E3A9233}.Release|Any CPU.ActiveCfg = Release|Any CPU
		{CD029E9B-612F-49B3-ADD1-A5271E3A9233}.Release|Any CPU.Build.0 = Release|Any CPU
		{490B7631-D3F2-4FEB-9740-CEDA7E5BA22B}.Debug|Any CPU.ActiveCfg = Debug|Any CPU
		{490B7631-D3F2-4FEB-9740-CEDA7E5BA22B}.Debug|Any CPU.Build.0 = Debug|Any CPU
		{490B7631-D3F2-4FEB-9740-CEDA7E5BA22B}.Release|Any CPU.ActiveCfg = Release|Any CPU
		{490B7631-D3F2-4FEB-9740-CEDA7E5BA22B}.Release|Any CPU.Build.0 = Release|Any CPU
		{865C1970-00B6-431A-ACA0-F40AAECA02B1}.Debug|Any CPU.ActiveCfg = Debug|Any CPU
		{865C1970-00B6-431A-ACA0-F40AAECA02B1}.Debug|Any CPU.Build.0 = Debug|Any CPU
		{865C1970-00B6-431A-ACA0-F40AAECA02B1}.Release|Any CPU.ActiveCfg = Release|Any CPU
		{865C1970-00B6-431A-ACA0-F40AAECA02B1}.Release|Any CPU.Build.0 = Release|Any CPU
		{D3BCA98C-DA2E-4266-B1FC-35BC8EA40D59}.Debug|Any CPU.ActiveCfg = Debug|Any CPU
		{D3BCA98C-DA2E-4266-B1FC-35BC8EA40D59}.Debug|Any CPU.Build.0 = Debug|Any CPU
		{D3BCA98C-DA2E-4266-B1FC-35BC8EA40D59}.Release|Any CPU.ActiveCfg = Release|Any CPU
		{D3BCA98C-DA2E-4266-B1FC-35BC8EA40D59}.Release|Any CPU.Build.0 = Release|Any CPU
	EndGlobalSection
	GlobalSection(SolutionProperties) = preSolution
		HideSolutionNode = FALSE
	EndGlobalSection
	GlobalSection(NestedProjects) = preSolution
		{BF8C5020-A2BF-4716-AA68-E682B41F0836} = {FC1BA3BB-58AF-4455-B996-543369EBA4E3}
		{A793E0A1-E673-4C0A-AB18-F09C69B68BB6} = {1FBF3B4F-FF2A-4827-A9ED-9BFC3BF62FD0}
		{E5DB4671-7837-4A5B-9427-DD4921371498} = {D610514F-3EA7-4863-B5BC-3980CD4526D5}
		{08519268-D398-403E-997A-103EE4D97ED0} = {6F5F6495-ED79-4145-A4BF-52E6E599DB05}
		{BD22F66F-BE91-491A-A6B1-77D32B2EB27E} = {DDA42505-2775-491A-96D7-F244F452C1D5}
		{2D31EA0F-B27A-4D22-8BE4-957C0B342ECF} = {7C75C971-A31F-4C8D-8327-94A186B4EE8D}
		{98905AC5-2252-43B8-B6FE-74FD91E56D15} = {B26B9166-A93D-4116-93CD-F81371721844}
		{9B7BC3C3-2797-41C4-B54A-F18CA4E3D458} = {A1BFF3A8-6BCF-4726-8B2C-C91E0C95633D}
		{DEB90E4A-C29A-4C5A-B405-6DA7F0E67AE0} = {23A31669-2EE4-44E9-BEC3-5704C6E44149}
		{40422C05-CE36-45D6-A39E-DA15CCEDCA63} = {84A56106-16C1-408C-847E-221C906E455D}
		{5E0E14B7-0336-4762-A080-7977A8866A64} = {3727200D-95CE-49C9-9CA5-34E6D25B3101}
		{BB631077-7DD4-4EAE-B27E-2A27D341B985} = {902A18CA-962D-400A-ACC3-A19D23238B8F}
		{44816FFB-6A33-402C-AFC8-096105629DCD} = {81898F00-F10D-4F43-85E7-4DC3F7E078B4}
		{4D899759-CA66-457E-A18E-754B49972AF6} = {54745997-0486-40E0-9B96-DDB96DD071BC}
		{4784A26A-1C11-4657-AF5E-50E816594408} = {BA8232A5-5D4E-4818-A826-920EA56CD29E}
		{CE91BF4E-CAB7-430D-BED6-CF9F9E8CA93B} = {1EACB5A0-BF47-4EEE-A3B2-C0BB02FDBF66}
		{2FE75B7E-B0FC-4AD9-83D7-0F31717E64EE} = {3CA5AADF-E083-4524-8CBF-BC9E10F41128}
		{E5947B7A-5CC3-4674-ADA5-824D686994FF} = {A8514AF9-7B12-4A4C-9B5B-2EB6BA13F78D}
		{67DDBF0B-2F31-4794-9A9D-61AC7A38308C} = {4E36A4AA-F447-4E9D-9C6C-BCAF0C88F427}
		{F3DCC759-6259-4B10-96C3-85C5D37B6168} = {932C993E-430E-4405-ABC2-CB414510DF73}
		{494F3239-752D-4BF8-A62B-FE53ED18B288} = {A62CDC27-0BAA-4AF8-B189-428F2597780D}
		{CC4BB702-0D82-4B65-9C67-1634533B16C5} = {33138949-1CF3-40CB-BF90-F77036760259}
		{C3D17554-94A5-41BB-B1ED-D1440BD1028F} = {9AEBBACE-2305-48E8-B61E-DC355FA064B9}
		{2331E9AA-9511-4871-844B-47F9347B8BF0} = {560C4B1B-E094-49AF-B52D-E453F67403DE}
		{C5205C89-37CF-43AA-86A6-DC7EDB2B775E} = {CF575B7C-896C-4872-B3AC-9F7A988FDC47}
		{5AE99265-6DA4-4E97-ACFE-0F025412B6A4} = {EA361C3B-87CC-4271-9D99-3C513F1AA43D}
		{F8AEA5EA-A5E7-42F2-84DD-1C786EEE5FDD} = {EAF034C0-C6FD-4A53-99B7-0D7C0A6B2760}
		{52B8287D-4B2B-4802-A18A-8A787F855C34} = {BD6CCD1F-1EB9-49A3-B13B-15D56F1BFB20}
		{07AF3598-D8F5-4D88-9E54-EAEF31CC4E0F} = {2202429C-D9FC-480D-B3C8-4F4553702FC8}
		{63D23F59-8551-489A-8039-509F59543ED0} = {4C19877A-1165-4499-8440-6DF0DFF017F7}
		{A3D086C4-C170-47F0-B25D-496F3873BB4A} = {62A3364E-6580-4872-8536-11D9EE007A1F}
		{6738967D-E5B4-419E-B21A-E14A7077C2ED} = {DB4F4B86-4831-4F6D-813F-AECAA4C714ED}
		{24933A87-EA89-42A9-BFE5-B509EE067BAF} = {7535FA74-3688-4DBA-A0FD-144883798CD0}
		{38D5C540-D2D4-4869-8CC7-3DE8A340B447} = {AC0D83A3-5B52-48CA-9670-FF34A98053E6}
		{E8F979AC-01F4-4FA5-B31A-9ED3C381CE3E} = {346BA867-F9CB-422C-B87C-C179CB9FBFC9}
		{8BA42779-0518-4AE0-8ECB-C9DF45BAF58F} = {6FB3EF74-478A-4D39-9811-BBD48F7C7649}
		{48C8C0EA-4D3F-43AE-8705-80E52CB3DC3E} = {CBD021A5-9B96-40D3-8B99-B811577FD2DA}
		{21C559A1-403F-4FFF-8E3E-A6B50CA0DF4D} = {CBBF3B9F-D68D-4853-B01A-2840D292EAB7}
		{CD029E9B-612F-49B3-ADD1-A5271E3A9233} = {8A868F47-60AB-4D48-9631-625D6BA4A0CA}
		{490B7631-D3F2-4FEB-9740-CEDA7E5BA22B} = {1B1C8B74-A8A0-486B-A254-3EE267BDEBF3}
		{865C1970-00B6-431A-ACA0-F40AAECA02B1} = {DF00EBC0-D951-467A-AB0A-23D6E5BFFF27}
		{D3BCA98C-DA2E-4266-B1FC-35BC8EA40D59} = {48BED69F-E0F3-4042-8ADD-F25D078C4C2D}
	EndGlobalSection
	GlobalSection(ExtensibilityGlobals) = postSolution
		SolutionGuid = {686CE95D-B863-416E-AA6E-D538387D91D4}
	EndGlobalSection
EndGlobal
